
Microsoft Visual Studio Solution File, Format Version 12.00
# Visual Studio Version 16
VisualStudioVersion = 16.0.30717.126
MinimumVisualStudioVersion = 10.0.40219.1
Project("{FAE04EC0-301F-11D3-BF4B-00C04F79EFBC}") = "Lab02", "Lab02.csproj", "{29BDA89F-6414-447D-9A66-07EA964DB515}"
EndProject
Global
	GlobalSection(SolutionConfigurationPlatforms) = preSolution
		Debug|Any CPU = Debug|Any CPU
		Release|Any CPU = Release|Any CPU
	EndGlobalSection
	GlobalSection(ProjectConfigurationPlatforms) = postSolution
		{29BDA89F-6414-447D-9A66-07EA964DB515}.Debug|Any CPU.ActiveCfg = Debug|Any CPU
		{29BDA89F-6414-447D-9A66-07EA964DB515}.Debug|Any CPU.Build.0 = Debug|Any CPU
		{29BDA89F-6414-447D-9A66-07EA964DB515}.Release|Any CPU.ActiveCfg = Release|Any CPU
		{29BDA89F-6414-447D-9A66-07EA964DB515}.Release|Any CPU.Build.0 = Release|Any CPU
	EndGlobalSection
	GlobalSection(SolutionProperties) = preSolution
		HideSolutionNode = FALSE
	EndGlobalSection
	GlobalSection(ExtensibilityGlobals) = postSolution
		SolutionGuid = {8550A335-6D50-482B-A4C3-90D9B8C935F7}
	EndGlobalSection
EndGlobal
